%{
  "elixir_make": {:hex, :elixir_make, "0.6.3", "bc07d53221216838d79e03a8019d0839786703129599e9619f4ab74c8c096eac", [:mix], [], "hexpm", "f5cbd651c5678bcaabdbb7857658ee106b12509cd976c2c2fca99688e1daf716"},
  "ex_image_info": {:hex, :ex_image_info, "0.2.4", "610002acba43520a9b1cf1421d55812bde5b8a8aeaf1fe7b1f8823e84e762adb", [:mix], [], "hexpm", "fd1a7e02664e3b14dfd3b231d22fdd48bd3dd694c4773e6272b3a6228f1106bc"},
  "font_metrics": {:git, "https://github.com/JediLuke/font_metrics", "fddcf109614401a0a35acd3f42f2dbb42680600b", [branch: "add_line_height_fn"]},
  "nimble_options": {:hex, :nimble_options, "0.3.7", "1e52dd7673d36138b1a5dede183b5d86dff175dc46d104a8e98e396b85b04670", [:mix], [], "hexpm", "2086907e6665c6b6579be54ef5001928df5231f355f71ed258f80a55e9f63633"},
  "scenic": {:git, "https://github.com/JediLuke/scenic", "e59d74eb92a4fdc22b47f10eac5f1e5c28c8dccf", [branch: "no_text_wrap"]},
  "truetype_metrics": {:hex, :truetype_metrics, "0.5.2", "6f0b2e91df6e9eefc14f01a36f44fe60ac3e22bcc832e9f159927d8c011086c9", [:mix], [{:font_metrics, "~> 0.5", [hex: :font_metrics, repo: "hexpm", optional: false]}], "hexpm", "c6684dbe2d65f84e1628433f6c403b1a8d4fc6b3f73b160b496dab209940f5dc"},
}
